// !$*UTF8*$!
{
	archiveVersion = 1;
	classes = {
	};
	objectVersion = 46;
	objects = {

/* Begin PBXBuildFile section */
		595F1F394C0A58A7F7B2B7C1 /* libPods.a in Frameworks */ = {isa = PBXBuildFile; fileRef = 756E2DBB4E054859046F4273 /* libPods.a */; };
		5A44D9F21B640354007BA30D /* TableViewCell_SeparateCell+WorldBossCell.m in Sources */ = {isa = PBXBuildFile; fileRef = 5A44D9F11B640354007BA30D /* TableViewCell_SeparateCell+WorldBossCell.m */; };
		5A44D9F51B640362007BA30D /* UINavigationController+Title.m in Sources */ = {isa = PBXBuildFile; fileRef = 5A44D9F41B640362007BA30D /* UINavigationController+Title.m */; };
		5AB68C981B5B9EAA00B3A49D /* Datas in Resources */ = {isa = PBXBuildFile; fileRef = 5AB68C971B5B9EAA00B3A49D /* Datas */; };
		5AB68C9B1B5BB42600B3A49D /* ViewWorldBoss.m in Sources */ = {isa = PBXBuildFile; fileRef = 5AB68C9A1B5BB42600B3A49D /* ViewWorldBoss.m */; };
		5ADA08241B63A4E800B7B038 /* WorldBossModel.m in Sources */ = {isa = PBXBuildFile; fileRef = 5ADA08231B63A4E800B7B038 /* WorldBossModel.m */; };
		FB2CA75E1B183F94009ED57F /* GW2BroH_Tools.m in Sources */ = {isa = PBXBuildFile; fileRef = FB2CA75D1B183F94009ED57F /* GW2BroH_Tools.m */; };
		FB38C4091B1ABDB1001B424C /* ViewControllerStartMenu.m in Sources */ = {isa = PBXBuildFile; fileRef = FB38C4081B1ABDB1001B424C /* ViewControllerStartMenu.m */; };
		FB38C40C1B1ABDC4001B424C /* ViewControllerWorldBoss.m in Sources */ = {isa = PBXBuildFile; fileRef = FB38C40B1B1ABDC4001B424C /* ViewControllerWorldBoss.m */; };
		FB38C40F1B1ABDD9001B424C /* ViewControllerItems.m in Sources */ = {isa = PBXBuildFile; fileRef = FB38C40E1B1ABDD9001B424C /* ViewControllerItems.m */; };
		FB38C4121B1ABDFF001B424C /* ViewControllerDungeons.m in Sources */ = {isa = PBXBuildFile; fileRef = FB38C4111B1ABDFF001B424C /* ViewControllerDungeons.m */; };
		FB38C4151B1ABE0E001B424C /* ViewControllerGuild.m in Sources */ = {isa = PBXBuildFile; fileRef = FB38C4141B1ABE0E001B424C /* ViewControllerGuild.m */; };
		FB38C4181B1ABE1D001B424C /* ViewControllerMore.m in Sources */ = {isa = PBXBuildFile; fileRef = FB38C4171B1ABE1D001B424C /* ViewControllerMore.m */; };
		FB420F871B1017FB0007BBD5 /* main.m in Sources */ = {isa = PBXBuildFile; fileRef = FB420F861B1017FB0007BBD5 /* main.m */; };
		FB420F8A1B1017FB0007BBD5 /* AppDelegate.m in Sources */ = {isa = PBXBuildFile; fileRef = FB420F891B1017FB0007BBD5 /* AppDelegate.m */; };
		FB420F921B1017FB0007BBD5 /* Images.xcassets in Resources */ = {isa = PBXBuildFile; fileRef = FB420F911B1017FB0007BBD5 /* Images.xcassets */; };
		FB420F951B1017FB0007BBD5 /* LaunchScreen.xib in Resources */ = {isa = PBXBuildFile; fileRef = FB420F931B1017FB0007BBD5 /* LaunchScreen.xib */; };
		FB82A9C11B50E592006A5F07 /* ViewControllerTabBar.m in Sources */ = {isa = PBXBuildFile; fileRef = FB82A9C01B50E592006A5F07 /* ViewControllerTabBar.m */; };
		FB8987501B5782D000D56917 /* GW2_Request_Gems.m in Sources */ = {isa = PBXBuildFile; fileRef = FB8987241B5782D000D56917 /* GW2_Request_Gems.m */; };
		FB8987511B5782D000D56917 /* GW2_Request_Items.m in Sources */ = {isa = PBXBuildFile; fileRef = FB8987261B5782D000D56917 /* GW2_Request_Items.m */; };
		FB8987521B5782D000D56917 /* GW2_WebApi_Gems.m in Sources */ = {isa = PBXBuildFile; fileRef = FB8987291B5782D000D56917 /* GW2_WebApi_Gems.m */; };
		FB8987531B5782D000D56917 /* GW2_WebApi_Items.m in Sources */ = {isa = PBXBuildFile; fileRef = FB89872B1B5782D000D56917 /* GW2_WebApi_Items.m */; };
		FB8987541B5782D000D56917 /* GW2_WebApi_Items_Armor.m in Sources */ = {isa = PBXBuildFile; fileRef = FB89872D1B5782D000D56917 /* GW2_WebApi_Items_Armor.m */; };
		FB8987551B5782D000D56917 /* GW2_Details_Armor.m in Sources */ = {isa = PBXBuildFile; fileRef = FB8987301B5782D000D56917 /* GW2_Details_Armor.m */; };
		FB8987561B5782D000D56917 /* WebApi.m in Sources */ = {isa = PBXBuildFile; fileRef = FB8987331B5782D000D56917 /* WebApi.m */; };
		FB8987571B5782D000D56917 /* WebSiteRequest.m in Sources */ = {isa = PBXBuildFile; fileRef = FB8987351B5782D000D56917 /* WebSiteRequest.m */; };
		FB8987581B5782D000D56917 /* README.md in Sources */ = {isa = PBXBuildFile; fileRef = FB8987361B5782D000D56917 /* README.md */; };
		FB90BC971B5E108B0099EA29 /* TableViewCell_SeparateCell.m in Sources */ = {isa = PBXBuildFile; fileRef = FB90BC961B5E108B0099EA29 /* TableViewCell_SeparateCell.m */; };
/* End PBXBuildFile section */

/* Begin PBXFileReference section */
		3B7586483FBE633A96ED3A40 /* Pods.release.xcconfig */ = {isa = PBXFileReference; includeInIndex = 1; lastKnownFileType = text.xcconfig; name = Pods.release.xcconfig; path = "Pods/Target Support Files/Pods/Pods.release.xcconfig"; sourceTree = "<group>"; };
		5A44D9F01B640354007BA30D /* TableViewCell_SeparateCell+WorldBossCell.h */ = {isa = PBXFileReference; fileEncoding = 4; lastKnownFileType = sourcecode.c.h; name = "TableViewCell_SeparateCell+WorldBossCell.h"; path = "ViewController/UIComponent/TableViewCell_SeparateCell+WorldBossCell.h"; sourceTree = "<group>"; };
		5A44D9F11B640354007BA30D /* TableViewCell_SeparateCell+WorldBossCell.m */ = {isa = PBXFileReference; fileEncoding = 4; lastKnownFileType = sourcecode.c.objc; name = "TableViewCell_SeparateCell+WorldBossCell.m"; path = "ViewController/UIComponent/TableViewCell_SeparateCell+WorldBossCell.m"; sourceTree = "<group>"; };
		5A44D9F31B640362007BA30D /* UINavigationController+Title.h */ = {isa = PBXFileReference; fileEncoding = 4; lastKnownFileType = sourcecode.c.h; name = "UINavigationController+Title.h"; path = "ViewController/UINavigationController+Title.h"; sourceTree = "<group>"; };
		5A44D9F41B640362007BA30D /* UINavigationController+Title.m */ = {isa = PBXFileReference; fileEncoding = 4; lastKnownFileType = sourcecode.c.objc; name = "UINavigationController+Title.m"; path = "ViewController/UINavigationController+Title.m"; sourceTree = "<group>"; };
		5AB68C971B5B9EAA00B3A49D /* Datas */ = {isa = PBXFileReference; lastKnownFileType = folder; path = Datas; sourceTree = "<group>"; };
		5AB68C991B5BB42600B3A49D /* ViewWorldBoss.h */ = {isa = PBXFileReference; fileEncoding = 4; lastKnownFileType = sourcecode.c.h; name = ViewWorldBoss.h; path = ViewController/WorldBoss/ViewWorldBoss.h; sourceTree = "<group>"; };
		5AB68C9A1B5BB42600B3A49D /* ViewWorldBoss.m */ = {isa = PBXFileReference; fileEncoding = 4; lastKnownFileType = sourcecode.c.objc; name = ViewWorldBoss.m; path = ViewController/WorldBoss/ViewWorldBoss.m; sourceTree = "<group>"; };
		5ADA08221B63A4E800B7B038 /* WorldBossModel.h */ = {isa = PBXFileReference; fileEncoding = 4; lastKnownFileType = sourcecode.c.h; name = WorldBossModel.h; path = ViewController/WorldBoss/WorldBossModel.h; sourceTree = "<group>"; };
		5ADA08231B63A4E800B7B038 /* WorldBossModel.m */ = {isa = PBXFileReference; fileEncoding = 4; lastKnownFileType = sourcecode.c.objc; name = WorldBossModel.m; path = ViewController/WorldBoss/WorldBossModel.m; sourceTree = "<group>"; };
		756E2DBB4E054859046F4273 /* libPods.a */ = {isa = PBXFileReference; explicitFileType = archive.ar; includeInIndex = 0; path = libPods.a; sourceTree = BUILT_PRODUCTS_DIR; };
		B1C33BB0A6ABF3B0116DF588 /* Pods.debug.xcconfig */ = {isa = PBXFileReference; includeInIndex = 1; lastKnownFileType = text.xcconfig; name = Pods.debug.xcconfig; path = "Pods/Target Support Files/Pods/Pods.debug.xcconfig"; sourceTree = "<group>"; };
		FB2CA75C1B183F94009ED57F /* GW2BroH_Tools.h */ = {isa = PBXFileReference; fileEncoding = 4; lastKnownFileType = sourcecode.c.h; path = GW2BroH_Tools.h; sourceTree = "<group>"; };
		FB2CA75D1B183F94009ED57F /* GW2BroH_Tools.m */ = {isa = PBXFileReference; fileEncoding = 4; lastKnownFileType = sourcecode.c.objc; path = GW2BroH_Tools.m; sourceTree = "<group>"; };
		FB38C4071B1ABDB1001B424C /* ViewControllerStartMenu.h */ = {isa = PBXFileReference; fileEncoding = 4; lastKnownFileType = sourcecode.c.h; name = ViewControllerStartMenu.h; path = ViewController/StartMenu/ViewControllerStartMenu.h; sourceTree = "<group>"; };
		FB38C4081B1ABDB1001B424C /* ViewControllerStartMenu.m */ = {isa = PBXFileReference; fileEncoding = 4; lastKnownFileType = sourcecode.c.objc; name = ViewControllerStartMenu.m; path = ViewController/StartMenu/ViewControllerStartMenu.m; sourceTree = "<group>"; };
		FB38C40A1B1ABDC4001B424C /* ViewControllerWorldBoss.h */ = {isa = PBXFileReference; fileEncoding = 4; lastKnownFileType = sourcecode.c.h; name = ViewControllerWorldBoss.h; path = ViewController/WorldBoss/ViewControllerWorldBoss.h; sourceTree = "<group>"; };
		FB38C40B1B1ABDC4001B424C /* ViewControllerWorldBoss.m */ = {isa = PBXFileReference; fileEncoding = 4; lastKnownFileType = sourcecode.c.objc; name = ViewControllerWorldBoss.m; path = ViewController/WorldBoss/ViewControllerWorldBoss.m; sourceTree = "<group>"; };
		FB38C40D1B1ABDD9001B424C /* ViewControllerItems.h */ = {isa = PBXFileReference; fileEncoding = 4; lastKnownFileType = sourcecode.c.h; name = ViewControllerItems.h; path = ViewController/Items/ViewControllerItems.h; sourceTree = "<group>"; };
		FB38C40E1B1ABDD9001B424C /* ViewControllerItems.m */ = {isa = PBXFileReference; fileEncoding = 4; lastKnownFileType = sourcecode.c.objc; name = ViewControllerItems.m; path = ViewController/Items/ViewControllerItems.m; sourceTree = "<group>"; };
		FB38C4101B1ABDFF001B424C /* ViewControllerDungeons.h */ = {isa = PBXFileReference; fileEncoding = 4; lastKnownFileType = sourcecode.c.h; name = ViewControllerDungeons.h; path = ViewController/Dungeons/ViewControllerDungeons.h; sourceTree = "<group>"; };
		FB38C4111B1ABDFF001B424C /* ViewControllerDungeons.m */ = {isa = PBXFileReference; fileEncoding = 4; lastKnownFileType = sourcecode.c.objc; name = ViewControllerDungeons.m; path = ViewController/Dungeons/ViewControllerDungeons.m; sourceTree = "<group>"; };
		FB38C4131B1ABE0E001B424C /* ViewControllerGuild.h */ = {isa = PBXFileReference; fileEncoding = 4; lastKnownFileType = sourcecode.c.h; name = ViewControllerGuild.h; path = ViewController/Guild/ViewControllerGuild.h; sourceTree = "<group>"; };
		FB38C4141B1ABE0E001B424C /* ViewControllerGuild.m */ = {isa = PBXFileReference; fileEncoding = 4; lastKnownFileType = sourcecode.c.objc; name = ViewControllerGuild.m; path = ViewController/Guild/ViewControllerGuild.m; sourceTree = "<group>"; };
		FB38C4161B1ABE1D001B424C /* ViewControllerMore.h */ = {isa = PBXFileReference; fileEncoding = 4; lastKnownFileType = sourcecode.c.h; name = ViewControllerMore.h; path = ViewController/More/ViewControllerMore.h; sourceTree = "<group>"; };
		FB38C4171B1ABE1D001B424C /* ViewControllerMore.m */ = {isa = PBXFileReference; fileEncoding = 4; lastKnownFileType = sourcecode.c.objc; name = ViewControllerMore.m; path = ViewController/More/ViewControllerMore.m; sourceTree = "<group>"; };
		FB38C4191B1AD26C001B424C /* Constants.h */ = {isa = PBXFileReference; fileEncoding = 4; lastKnownFileType = sourcecode.c.h; path = Constants.h; sourceTree = "<group>"; };
		FB420F811B1017FB0007BBD5 /* GW2BroH.app */ = {isa = PBXFileReference; explicitFileType = wrapper.application; includeInIndex = 0; path = GW2BroH.app; sourceTree = BUILT_PRODUCTS_DIR; };
		FB420F851B1017FB0007BBD5 /* Info.plist */ = {isa = PBXFileReference; lastKnownFileType = text.plist.xml; path = Info.plist; sourceTree = "<group>"; };
		FB420F861B1017FB0007BBD5 /* main.m */ = {isa = PBXFileReference; lastKnownFileType = sourcecode.c.objc; path = main.m; sourceTree = "<group>"; };
		FB420F881B1017FB0007BBD5 /* AppDelegate.h */ = {isa = PBXFileReference; lastKnownFileType = sourcecode.c.h; path = AppDelegate.h; sourceTree = "<group>"; };
		FB420F891B1017FB0007BBD5 /* AppDelegate.m */ = {isa = PBXFileReference; lastKnownFileType = sourcecode.c.objc; path = AppDelegate.m; sourceTree = "<group>"; };
		FB420F911B1017FB0007BBD5 /* Images.xcassets */ = {isa = PBXFileReference; lastKnownFileType = folder.assetcatalog; path = Images.xcassets; sourceTree = "<group>"; };
		FB420F941B1017FB0007BBD5 /* Base */ = {isa = PBXFileReference; lastKnownFileType = file.xib; name = Base; path = Base.lproj/LaunchScreen.xib; sourceTree = "<group>"; };
		FB420F9F1B1017FB0007BBD5 /* Info.plist */ = {isa = PBXFileReference; lastKnownFileType = text.plist.xml; path = Info.plist; sourceTree = "<group>"; };
		FB420FA01B1017FB0007BBD5 /* GW2BroHTests.m */ = {isa = PBXFileReference; lastKnownFileType = sourcecode.c.objc; path = GW2BroHTests.m; sourceTree = "<group>"; };
		FB82A9BF1B50E592006A5F07 /* ViewControllerTabBar.h */ = {isa = PBXFileReference; fileEncoding = 4; lastKnownFileType = sourcecode.c.h; name = ViewControllerTabBar.h; path = ViewController/ViewControllerTabBar.h; sourceTree = "<group>"; };
		FB82A9C01B50E592006A5F07 /* ViewControllerTabBar.m */ = {isa = PBXFileReference; fileEncoding = 4; lastKnownFileType = sourcecode.c.objc; name = ViewControllerTabBar.m; path = ViewController/ViewControllerTabBar.m; sourceTree = "<group>"; };
		FB8987231B5782D000D56917 /* GW2_Request_Gems.h */ = {isa = PBXFileReference; fileEncoding = 4; lastKnownFileType = sourcecode.c.h; path = GW2_Request_Gems.h; sourceTree = "<group>"; };
		FB8987241B5782D000D56917 /* GW2_Request_Gems.m */ = {isa = PBXFileReference; fileEncoding = 4; lastKnownFileType = sourcecode.c.objc; path = GW2_Request_Gems.m; sourceTree = "<group>"; };
		FB8987251B5782D000D56917 /* GW2_Request_Items.h */ = {isa = PBXFileReference; fileEncoding = 4; lastKnownFileType = sourcecode.c.h; path = GW2_Request_Items.h; sourceTree = "<group>"; };
		FB8987261B5782D000D56917 /* GW2_Request_Items.m */ = {isa = PBXFileReference; fileEncoding = 4; lastKnownFileType = sourcecode.c.objc; path = GW2_Request_Items.m; sourceTree = "<group>"; };
		FB8987281B5782D000D56917 /* GW2_WebApi_Gems.h */ = {isa = PBXFileReference; fileEncoding = 4; lastKnownFileType = sourcecode.c.h; path = GW2_WebApi_Gems.h; sourceTree = "<group>"; };
		FB8987291B5782D000D56917 /* GW2_WebApi_Gems.m */ = {isa = PBXFileReference; fileEncoding = 4; lastKnownFileType = sourcecode.c.objc; path = GW2_WebApi_Gems.m; sourceTree = "<group>"; };
		FB89872A1B5782D000D56917 /* GW2_WebApi_Items.h */ = {isa = PBXFileReference; fileEncoding = 4; lastKnownFileType = sourcecode.c.h; path = GW2_WebApi_Items.h; sourceTree = "<group>"; };
		FB89872B1B5782D000D56917 /* GW2_WebApi_Items.m */ = {isa = PBXFileReference; fileEncoding = 4; lastKnownFileType = sourcecode.c.objc; path = GW2_WebApi_Items.m; sourceTree = "<group>"; };
		FB89872C1B5782D000D56917 /* GW2_WebApi_Items_Armor.h */ = {isa = PBXFileReference; fileEncoding = 4; lastKnownFileType = sourcecode.c.h; path = GW2_WebApi_Items_Armor.h; sourceTree = "<group>"; };
		FB89872D1B5782D000D56917 /* GW2_WebApi_Items_Armor.m */ = {isa = PBXFileReference; fileEncoding = 4; lastKnownFileType = sourcecode.c.objc; path = GW2_WebApi_Items_Armor.m; sourceTree = "<group>"; };
		FB89872F1B5782D000D56917 /* GW2_Details_Armor.h */ = {isa = PBXFileReference; fileEncoding = 4; lastKnownFileType = sourcecode.c.h; path = GW2_Details_Armor.h; sourceTree = "<group>"; };
		FB8987301B5782D000D56917 /* GW2_Details_Armor.m */ = {isa = PBXFileReference; fileEncoding = 4; lastKnownFileType = sourcecode.c.objc; path = GW2_Details_Armor.m; sourceTree = "<group>"; };
		FB8987321B5782D000D56917 /* WebApi.h */ = {isa = PBXFileReference; fileEncoding = 4; lastKnownFileType = sourcecode.c.h; path = WebApi.h; sourceTree = "<group>"; };
		FB8987331B5782D000D56917 /* WebApi.m */ = {isa = PBXFileReference; fileEncoding = 4; lastKnownFileType = sourcecode.c.objc; path = WebApi.m; sourceTree = "<group>"; };
		FB8987341B5782D000D56917 /* WebSiteRequest.h */ = {isa = PBXFileReference; fileEncoding = 4; lastKnownFileType = sourcecode.c.h; path = WebSiteRequest.h; sourceTree = "<group>"; };
		FB8987351B5782D000D56917 /* WebSiteRequest.m */ = {isa = PBXFileReference; fileEncoding = 4; lastKnownFileType = sourcecode.c.objc; path = WebSiteRequest.m; sourceTree = "<group>"; };
		FB8987361B5782D000D56917 /* README.md */ = {isa = PBXFileReference; fileEncoding = 4; lastKnownFileType = net.daringfireball.markdown; path = README.md; sourceTree = "<group>"; };
		FB90BC951B5E108B0099EA29 /* TableViewCell_SeparateCell.h */ = {isa = PBXFileReference; fileEncoding = 4; lastKnownFileType = sourcecode.c.h; name = TableViewCell_SeparateCell.h; path = ViewController/UIComponent/TableViewCell_SeparateCell.h; sourceTree = "<group>"; };
		FB90BC961B5E108B0099EA29 /* TableViewCell_SeparateCell.m */ = {isa = PBXFileReference; fileEncoding = 4; lastKnownFileType = sourcecode.c.objc; name = TableViewCell_SeparateCell.m; path = ViewController/UIComponent/TableViewCell_SeparateCell.m; sourceTree = "<group>"; };
/* End PBXFileReference section */

/* Begin PBXFrameworksBuildPhase section */
		FB420F7E1B1017FB0007BBD5 /* Frameworks */ = {
			isa = PBXFrameworksBuildPhase;
			buildActionMask = 2147483647;
			files = (
				595F1F394C0A58A7F7B2B7C1 /* libPods.a in Frameworks */,
			);
			runOnlyForDeploymentPostprocessing = 0;
		};
/* End PBXFrameworksBuildPhase section */

/* Begin PBXGroup section */
		A67E7874F9793F40C106108D /* Pods */ = {
			isa = PBXGroup;
			children = (
				B1C33BB0A6ABF3B0116DF588 /* Pods.debug.xcconfig */,
				3B7586483FBE633A96ED3A40 /* Pods.release.xcconfig */,
			);
			name = Pods;
			sourceTree = "<group>";
		};
		F20D92DA0EA90914060ED6EE /* Frameworks */ = {
			isa = PBXGroup;
			children = (
				756E2DBB4E054859046F4273 /* libPods.a */,
			);
			name = Frameworks;
			sourceTree = "<group>";
		};
		FB2CA75B1B183F94009ED57F /* Tools */ = {
			isa = PBXGroup;
			children = (
				FB38C4191B1AD26C001B424C /* Constants.h */,
				FB2CA75C1B183F94009ED57F /* GW2BroH_Tools.h */,
				FB2CA75D1B183F94009ED57F /* GW2BroH_Tools.m */,
			);
			path = Tools;
			sourceTree = "<group>";
		};
		FB38C4011B1ABC64001B424C /* StartMenu */ = {
			isa = PBXGroup;
			children = (
				FB38C4071B1ABDB1001B424C /* ViewControllerStartMenu.h */,
				FB38C4081B1ABDB1001B424C /* ViewControllerStartMenu.m */,
			);
			name = StartMenu;
			sourceTree = "<group>";
		};
		FB38C4021B1ABC70001B424C /* WorldBoss */ = {
			isa = PBXGroup;
			children = (
				5ADA08221B63A4E800B7B038 /* WorldBossModel.h */,
				5ADA08231B63A4E800B7B038 /* WorldBossModel.m */,
				5AB68C991B5BB42600B3A49D /* ViewWorldBoss.h */,
				5AB68C9A1B5BB42600B3A49D /* ViewWorldBoss.m */,
				FB38C40A1B1ABDC4001B424C /* ViewControllerWorldBoss.h */,
				FB38C40B1B1ABDC4001B424C /* ViewControllerWorldBoss.m */,
			);
			name = WorldBoss;
			sourceTree = "<group>";
		};
		FB38C4031B1ABC78001B424C /* Dungeons */ = {
			isa = PBXGroup;
			children = (
				FB38C4101B1ABDFF001B424C /* ViewControllerDungeons.h */,
				FB38C4111B1ABDFF001B424C /* ViewControllerDungeons.m */,
			);
			name = Dungeons;
			sourceTree = "<group>";
		};
		FB38C4041B1ABCD8001B424C /* Items */ = {
			isa = PBXGroup;
			children = (
				FB38C40D1B1ABDD9001B424C /* ViewControllerItems.h */,
				FB38C40E1B1ABDD9001B424C /* ViewControllerItems.m */,
			);
			name = Items;
			sourceTree = "<group>";
		};
		FB38C4051B1ABCFA001B424C /* Guild */ = {
			isa = PBXGroup;
			children = (
				FB38C4131B1ABE0E001B424C /* ViewControllerGuild.h */,
				FB38C4141B1ABE0E001B424C /* ViewControllerGuild.m */,
			);
			name = Guild;
			sourceTree = "<group>";
		};
		FB38C4061B1ABD1C001B424C /* More */ = {
			isa = PBXGroup;
			children = (
				FB38C4161B1ABE1D001B424C /* ViewControllerMore.h */,
				FB38C4171B1ABE1D001B424C /* ViewControllerMore.m */,
			);
			name = More;
			sourceTree = "<group>";
		};
		FB420F781B1017FB0007BBD5 = {
			isa = PBXGroup;
			children = (
				FB420F831B1017FB0007BBD5 /* GW2BroH */,
				FB420F9D1B1017FB0007BBD5 /* GW2BroHTests */,
				FB420F821B1017FB0007BBD5 /* Products */,
				A67E7874F9793F40C106108D /* Pods */,
				F20D92DA0EA90914060ED6EE /* Frameworks */,
			);
			sourceTree = "<group>";
		};
		FB420F821B1017FB0007BBD5 /* Products */ = {
			isa = PBXGroup;
			children = (
				FB420F811B1017FB0007BBD5 /* GW2BroH.app */,
			);
			name = Products;
			sourceTree = "<group>";
		};
		FB420F831B1017FB0007BBD5 /* GW2BroH */ = {
			isa = PBXGroup;
			children = (
				5AB68C971B5B9EAA00B3A49D /* Datas */,
				FB8987211B5782D000D56917 /* WebSiteHelper */,
				FB2CA75B1B183F94009ED57F /* Tools */,
				FBF47B6D1B124AF8000548B4 /* ViewController */,
				FB420F881B1017FB0007BBD5 /* AppDelegate.h */,
				FB420F891B1017FB0007BBD5 /* AppDelegate.m */,
				FB420F911B1017FB0007BBD5 /* Images.xcassets */,
				FB420F931B1017FB0007BBD5 /* LaunchScreen.xib */,
				FB420F841B1017FB0007BBD5 /* Supporting Files */,
			);
			path = GW2BroH;
			sourceTree = "<group>";
		};
		FB420F841B1017FB0007BBD5 /* Supporting Files */ = {
			isa = PBXGroup;
			children = (
				FB420F851B1017FB0007BBD5 /* Info.plist */,
				FB420F861B1017FB0007BBD5 /* main.m */,
			);
			name = "Supporting Files";
			sourceTree = "<group>";
		};
		FB420F9D1B1017FB0007BBD5 /* GW2BroHTests */ = {
			isa = PBXGroup;
			children = (
				FB420FA01B1017FB0007BBD5 /* GW2BroHTests.m */,
				FB420F9E1B1017FB0007BBD5 /* Supporting Files */,
			);
			path = GW2BroHTests;
			sourceTree = "<group>";
		};
		FB420F9E1B1017FB0007BBD5 /* Supporting Files */ = {
			isa = PBXGroup;
			children = (
				FB420F9F1B1017FB0007BBD5 /* Info.plist */,
			);
			name = "Supporting Files";
			sourceTree = "<group>";
		};
		FB8987211B5782D000D56917 /* WebSiteHelper */ = {
			isa = PBXGroup;
			children = (
				FB8987221B5782D000D56917 /* GW2Request */,
				FB8987271B5782D000D56917 /* GW2WebApi */,
				FB8987311B5782D000D56917 /* GW2WebsiteBase */,
				FB8987361B5782D000D56917 /* README.md */,
			);
			path = WebSiteHelper;
			sourceTree = "<group>";
		};
		FB8987221B5782D000D56917 /* GW2Request */ = {
			isa = PBXGroup;
			children = (
				FB8987231B5782D000D56917 /* GW2_Request_Gems.h */,
				FB8987241B5782D000D56917 /* GW2_Request_Gems.m */,
				FB8987251B5782D000D56917 /* GW2_Request_Items.h */,
				FB8987261B5782D000D56917 /* GW2_Request_Items.m */,
			);
			path = GW2Request;
			sourceTree = "<group>";
		};
		FB8987271B5782D000D56917 /* GW2WebApi */ = {
			isa = PBXGroup;
			children = (
				FB8987281B5782D000D56917 /* GW2_WebApi_Gems.h */,
				FB8987291B5782D000D56917 /* GW2_WebApi_Gems.m */,
				FB89872A1B5782D000D56917 /* GW2_WebApi_Items.h */,
				FB89872B1B5782D000D56917 /* GW2_WebApi_Items.m */,
				FB89872C1B5782D000D56917 /* GW2_WebApi_Items_Armor.h */,
				FB89872D1B5782D000D56917 /* GW2_WebApi_Items_Armor.m */,
				FB89872E1B5782D000D56917 /* Items */,
			);
			path = GW2WebApi;
			sourceTree = "<group>";
		};
		FB89872E1B5782D000D56917 /* Items */ = {
			isa = PBXGroup;
			children = (
				FB89872F1B5782D000D56917 /* GW2_Details_Armor.h */,
				FB8987301B5782D000D56917 /* GW2_Details_Armor.m */,
			);
			path = Items;
			sourceTree = "<group>";
		};
		FB8987311B5782D000D56917 /* GW2WebsiteBase */ = {
			isa = PBXGroup;
			children = (
				FB8987321B5782D000D56917 /* WebApi.h */,
				FB8987331B5782D000D56917 /* WebApi.m */,
				FB8987341B5782D000D56917 /* WebSiteRequest.h */,
				FB8987351B5782D000D56917 /* WebSiteRequest.m */,
			);
			path = GW2WebsiteBase;
			sourceTree = "<group>";
		};
		FB90BC941B5E104E0099EA29 /* UIComponent */ = {
			isa = PBXGroup;
			children = (
				FB90BC951B5E108B0099EA29 /* TableViewCell_SeparateCell.h */,
				FB90BC961B5E108B0099EA29 /* TableViewCell_SeparateCell.m */,
				5A44D9F01B640354007BA30D /* TableViewCell_SeparateCell+WorldBossCell.h */,
				5A44D9F11B640354007BA30D /* TableViewCell_SeparateCell+WorldBossCell.m */,
			);
			name = UIComponent;
			sourceTree = "<group>";
		};
		FBF47B6D1B124AF8000548B4 /* ViewController */ = {
			isa = PBXGroup;
			children = (
				FB90BC941B5E104E0099EA29 /* UIComponent */,
				FB38C4011B1ABC64001B424C /* StartMenu */,
				FB38C4021B1ABC70001B424C /* WorldBoss */,
				FB38C4041B1ABCD8001B424C /* Items */,
				FB38C4031B1ABC78001B424C /* Dungeons */,
				FB38C4051B1ABCFA001B424C /* Guild */,
				FB38C4061B1ABD1C001B424C /* More */,
				FB82A9BF1B50E592006A5F07 /* ViewControllerTabBar.h */,
				FB82A9C01B50E592006A5F07 /* ViewControllerTabBar.m */,
				5A44D9F31B640362007BA30D /* UINavigationController+Title.h */,
				5A44D9F41B640362007BA30D /* UINavigationController+Title.m */,
			);
			name = ViewController;
			sourceTree = "<group>";
		};
/* End PBXGroup section */

/* Begin PBXNativeTarget section */
		FB420F801B1017FB0007BBD5 /* GW2BroH */ = {
			isa = PBXNativeTarget;
			buildConfigurationList = FB420FA41B1017FB0007BBD5 /* Build configuration list for PBXNativeTarget "GW2BroH" */;
			buildPhases = (
				F4B919AD65EC1462EB9A7F06 /* Check Pods Manifest.lock */,
				FB420F7D1B1017FB0007BBD5 /* Sources */,
				FB420F7E1B1017FB0007BBD5 /* Frameworks */,
				FB420F7F1B1017FB0007BBD5 /* Resources */,
				395D0523E45F2A30AF41BEAD /* Copy Pods Resources */,
			);
			buildRules = (
			);
			dependencies = (
			);
			name = GW2BroH;
			productName = GW2BroH;
			productReference = FB420F811B1017FB0007BBD5 /* GW2BroH.app */;
			productType = "com.apple.product-type.application";
		};
/* End PBXNativeTarget section */

/* Begin PBXProject section */
		FB420F791B1017FB0007BBD5 /* Project object */ = {
			isa = PBXProject;
			attributes = {
				LastUpgradeCheck = 0630;
				ORGANIZATIONNAME = CoodyChou;
				TargetAttributes = {
					FB420F801B1017FB0007BBD5 = {
						CreatedOnToolsVersion = 6.3.2;
					};
				};
			};
			buildConfigurationList = FB420F7C1B1017FB0007BBD5 /* Build configuration list for PBXProject "GW2BroH" */;
			compatibilityVersion = "Xcode 3.2";
			developmentRegion = English;
			hasScannedForEncodings = 0;
			knownRegions = (
				en,
				Base,
			);
			mainGroup = FB420F781B1017FB0007BBD5;
			productRefGroup = FB420F821B1017FB0007BBD5 /* Products */;
			projectDirPath = "";
			projectRoot = "";
			targets = (
				FB420F801B1017FB0007BBD5 /* GW2BroH */,
			);
		};
/* End PBXProject section */

/* Begin PBXResourcesBuildPhase section */
		FB420F7F1B1017FB0007BBD5 /* Resources */ = {
			isa = PBXResourcesBuildPhase;
			buildActionMask = 2147483647;
			files = (
				FB420F951B1017FB0007BBD5 /* LaunchScreen.xib in Resources */,
				5AB68C981B5B9EAA00B3A49D /* Datas in Resources */,
				FB420F921B1017FB0007BBD5 /* Images.xcassets in Resources */,
			);
			runOnlyForDeploymentPostprocessing = 0;
		};
/* End PBXResourcesBuildPhase section */

/* Begin PBXShellScriptBuildPhase section */
		395D0523E45F2A30AF41BEAD /* Copy Pods Resources */ = {
			isa = PBXShellScriptBuildPhase;
			buildActionMask = 2147483647;
			files = (
			);
			inputPaths = (
			);
			name = "Copy Pods Resources";
			outputPaths = (
			);
			runOnlyForDeploymentPostprocessing = 0;
			shellPath = /bin/sh;
			shellScript = "\"${SRCROOT}/Pods/Target Support Files/Pods/Pods-resources.sh\"\n";
			showEnvVarsInLog = 0;
		};
		F4B919AD65EC1462EB9A7F06 /* Check Pods Manifest.lock */ = {
			isa = PBXShellScriptBuildPhase;
			buildActionMask = 2147483647;
			files = (
			);
			inputPaths = (
			);
			name = "Check Pods Manifest.lock";
			outputPaths = (
			);
			runOnlyForDeploymentPostprocessing = 0;
			shellPath = /bin/sh;
			shellScript = "diff \"${PODS_ROOT}/../Podfile.lock\" \"${PODS_ROOT}/Manifest.lock\" > /dev/null\nif [[ $? != 0 ]] ; then\n    cat << EOM\nerror: The sandbox is not in sync with the Podfile.lock. Run 'pod install' or update your CocoaPods installation.\nEOM\n    exit 1\nfi\n";
			showEnvVarsInLog = 0;
		};
/* End PBXShellScriptBuildPhase section */

/* Begin PBXSourcesBuildPhase section */
		FB420F7D1B1017FB0007BBD5 /* Sources */ = {
			isa = PBXSourcesBuildPhase;
			buildActionMask = 2147483647;
			files = (
				FB8987571B5782D000D56917 /* WebSiteRequest.m in Sources */,
				FB8987551B5782D000D56917 /* GW2_Details_Armor.m in Sources */,
				FB8987531B5782D000D56917 /* GW2_WebApi_Items.m in Sources */,
				FB8987541B5782D000D56917 /* GW2_WebApi_Items_Armor.m in Sources */,
				5AB68C9B1B5BB42600B3A49D /* ViewWorldBoss.m in Sources */,
				FB8987521B5782D000D56917 /* GW2_WebApi_Gems.m in Sources */,
				5A44D9F21B640354007BA30D /* TableViewCell_SeparateCell+WorldBossCell.m in Sources */,
				FB38C4091B1ABDB1001B424C /* ViewControllerStartMenu.m in Sources */,
				5A44D9F51B640362007BA30D /* UINavigationController+Title.m in Sources */,
				FB8987581B5782D000D56917 /* README.md in Sources */,
				FB2CA75E1B183F94009ED57F /* GW2BroH_Tools.m in Sources */,
				FB8987511B5782D000D56917 /* GW2_Request_Items.m in Sources */,
				FB8987561B5782D000D56917 /* WebApi.m in Sources */,
				FB90BC971B5E108B0099EA29 /* TableViewCell_SeparateCell.m in Sources */,
				FB420F8A1B1017FB0007BBD5 /* AppDelegate.m in Sources */,
				FB8987501B5782D000D56917 /* GW2_Request_Gems.m in Sources */,
				FB38C4151B1ABE0E001B424C /* ViewControllerGuild.m in Sources */,
				FB82A9C11B50E592006A5F07 /* ViewControllerTabBar.m in Sources */,
				FB38C4181B1ABE1D001B424C /* ViewControllerMore.m in Sources */,
				FB38C40F1B1ABDD9001B424C /* ViewControllerItems.m in Sources */,
				5ADA08241B63A4E800B7B038 /* WorldBossModel.m in Sources */,
				FB38C4121B1ABDFF001B424C /* ViewControllerDungeons.m in Sources */,
				FB38C40C1B1ABDC4001B424C /* ViewControllerWorldBoss.m in Sources */,
				FB420F871B1017FB0007BBD5 /* main.m in Sources */,
			);
			runOnlyForDeploymentPostprocessing = 0;
		};
/* End PBXSourcesBuildPhase section */

/* Begin PBXVariantGroup section */
		FB420F931B1017FB0007BBD5 /* LaunchScreen.xib */ = {
			isa = PBXVariantGroup;
			children = (
				FB420F941B1017FB0007BBD5 /* Base */,
			);
			name = LaunchScreen.xib;
			sourceTree = "<group>";
		};
/* End PBXVariantGroup section */

/* Begin XCBuildConfiguration section */
		FB420FA21B1017FB0007BBD5 /* Debug */ = {
			isa = XCBuildConfiguration;
			baseConfigurationReference = B1C33BB0A6ABF3B0116DF588 /* Pods.debug.xcconfig */;
			buildSettings = {
				ALWAYS_SEARCH_USER_PATHS = NO;
				CLANG_CXX_LANGUAGE_STANDARD = "gnu++0x";
				CLANG_CXX_LIBRARY = "libc++";
				CLANG_ENABLE_MODULES = YES;
				CLANG_ENABLE_OBJC_ARC = YES;
				CLANG_WARN_BOOL_CONVERSION = YES;
				CLANG_WARN_CONSTANT_CONVERSION = YES;
				CLANG_WARN_DIRECT_OBJC_ISA_USAGE = YES_ERROR;
				CLANG_WARN_EMPTY_BODY = YES;
				CLANG_WARN_ENUM_CONVERSION = YES;
				CLANG_WARN_INT_CONVERSION = YES;
				CLANG_WARN_OBJC_ROOT_CLASS = YES_ERROR;
				CLANG_WARN_UNREACHABLE_CODE = YES;
				CLANG_WARN__DUPLICATE_METHOD_MATCH = YES;
				CODE_SIGN_IDENTITY = "";
				"CODE_SIGN_IDENTITY[sdk=iphoneos*]" = "";
				COPY_PHASE_STRIP = NO;
				DEBUG_INFORMATION_FORMAT = "dwarf-with-dsym";
				ENABLE_STRICT_OBJC_MSGSEND = YES;
				GCC_C_LANGUAGE_STANDARD = gnu99;
				GCC_DYNAMIC_NO_PIC = NO;
				GCC_NO_COMMON_BLOCKS = YES;
				GCC_OPTIMIZATION_LEVEL = 0;
				GCC_PREPROCESSOR_DEFINITIONS = (
					"DEBUG=1",
					"$(inherited)",
					D_Dev_Ver,
				);
				GCC_SYMBOLS_PRIVATE_EXTERN = NO;
				GCC_WARN_64_TO_32_BIT_CONVERSION = YES;
				GCC_WARN_ABOUT_RETURN_TYPE = YES_ERROR;
				GCC_WARN_UNDECLARED_SELECTOR = YES;
				GCC_WARN_UNINITIALIZED_AUTOS = YES_AGGRESSIVE;
				GCC_WARN_UNUSED_FUNCTION = YES;
				GCC_WARN_UNUSED_VARIABLE = YES;
				IPHONEOS_DEPLOYMENT_TARGET = 7.1;
				MTL_ENABLE_DEBUG_INFO = YES;
				ONLY_ACTIVE_ARCH = YES;
				PROVISIONING_PROFILE = "";
				SDKROOT = iphoneos;
			};
			name = Debug;
		};
		FB420FA31B1017FB0007BBD5 /* Release */ = {
			isa = XCBuildConfiguration;
			baseConfigurationReference = 3B7586483FBE633A96ED3A40 /* Pods.release.xcconfig */;
			buildSettings = {
				ALWAYS_SEARCH_USER_PATHS = NO;
				CLANG_CXX_LANGUAGE_STANDARD = "gnu++0x";
				CLANG_CXX_LIBRARY = "libc++";
				CLANG_ENABLE_MODULES = YES;
				CLANG_ENABLE_OBJC_ARC = YES;
				CLANG_WARN_BOOL_CONVERSION = YES;
				CLANG_WARN_CONSTANT_CONVERSION = YES;
				CLANG_WARN_DIRECT_OBJC_ISA_USAGE = YES_ERROR;
				CLANG_WARN_EMPTY_BODY = YES;
				CLANG_WARN_ENUM_CONVERSION = YES;
				CLANG_WARN_INT_CONVERSION = YES;
				CLANG_WARN_OBJC_ROOT_CLASS = YES_ERROR;
				CLANG_WARN_UNREACHABLE_CODE = YES;
				CLANG_WARN__DUPLICATE_METHOD_MATCH = YES;
				CODE_SIGN_IDENTITY = "";
				"CODE_SIGN_IDENTITY[sdk=iphoneos*]" = "";
				COPY_PHASE_STRIP = NO;
				DEBUG_INFORMATION_FORMAT = "dwarf-with-dsym";
				ENABLE_NS_ASSERTIONS = NO;
				ENABLE_STRICT_OBJC_MSGSEND = YES;
				GCC_C_LANGUAGE_STANDARD = gnu99;
				GCC_NO_COMMON_BLOCKS = YES;
				GCC_WARN_64_TO_32_BIT_CONVERSION = YES;
				GCC_WARN_ABOUT_RETURN_TYPE = YES_ERROR;
				GCC_WARN_UNDECLARED_SELECTOR = YES;
				GCC_WARN_UNINITIALIZED_AUTOS = YES_AGGRESSIVE;
				GCC_WARN_UNUSED_FUNCTION = YES;
				GCC_WARN_UNUSED_VARIABLE = YES;
				IPHONEOS_DEPLOYMENT_TARGET = 7.1;
				MTL_ENABLE_DEBUG_INFO = NO;
				PROVISIONING_PROFILE = "";
				SDKROOT = iphoneos;
				VALIDATE_PRODUCT = YES;
			};
			name = Release;
		};
		FB420FA51B1017FB0007BBD5 /* Debug */ = {
			isa = XCBuildConfiguration;
			baseConfigurationReference = B1C33BB0A6ABF3B0116DF588 /* Pods.debug.xcconfig */;
			buildSettings = {
				ASSETCATALOG_COMPILER_APPICON_NAME = AppIcon;
				CODE_SIGN_IDENTITY = "iPhone Developer";
				INFOPLIST_FILE = GW2BroH/Info.plist;
				LD_RUNPATH_SEARCH_PATHS = "$(inherited) @executable_path/Frameworks";
				PRODUCT_NAME = "$(TARGET_NAME)";
				PROVISIONING_PROFILE = "283c6294-f4b0-4aee-bc18-f042f56e1672";
			};
			name = Debug;
		};
		FB420FA61B1017FB0007BBD5 /* Release */ = {
			isa = XCBuildConfiguration;
			baseConfigurationReference = 3B7586483FBE633A96ED3A40 /* Pods.release.xcconfig */;
			buildSettings = {
				ASSETCATALOG_COMPILER_APPICON_NAME = AppIcon;
				CODE_SIGN_IDENTITY = "iPhone Developer";
				INFOPLIST_FILE = GW2BroH/Info.plist;
				LD_RUNPATH_SEARCH_PATHS = "$(inherited) @executable_path/Frameworks";
				PRODUCT_NAME = "$(TARGET_NAME)";
				PROVISIONING_PROFILE = "283c6294-f4b0-4aee-bc18-f042f56e1672";
			};
			name = Release;
		};
/* End XCBuildConfiguration section */

/* Begin XCConfigurationList section */
		FB420F7C1B1017FB0007BBD5 /* Build configuration list for PBXProject "GW2BroH" */ = {
			isa = XCConfigurationList;
			buildConfigurations = (
				FB420FA21B1017FB0007BBD5 /* Debug */,
				FB420FA31B1017FB0007BBD5 /* Release */,
			);
			defaultConfigurationIsVisible = 0;
			defaultConfigurationName = Release;
		};
		FB420FA41B1017FB0007BBD5 /* Build configuration list for PBXNativeTarget "GW2BroH" */ = {
			isa = XCConfigurationList;
			buildConfigurations = (
				FB420FA51B1017FB0007BBD5 /* Debug */,
				FB420FA61B1017FB0007BBD5 /* Release */,
			);
			defaultConfigurationIsVisible = 0;
			defaultConfigurationName = Release;
		};
/* End XCConfigurationList section */
	};
	rootObject = FB420F791B1017FB0007BBD5 /* Project object */;
}
